
Microsoft Visual Studio Solution File, Format Version 12.00
# Visual Studio Version 17
VisualStudioVersion = 17.3.32922.545
MinimumVisualStudioVersion = 10.0.40219.1
Project("{FAE04EC0-301F-11D3-BF4B-00C04F79EFBC}") = "TestWPFAlpha", "TestWPFAlpha\TestWPFAlpha.csproj", "{CC10547D-D67B-4D2F-A004-4CBBB37EF834}"
EndProject
Global
	GlobalSection(SolutionConfigurationPlatforms) = preSolution
		Debug|Any CPU = Debug|Any CPU
		Release|Any CPU = Release|Any CPU
	EndGlobalSection
	GlobalSection(ProjectConfigurationPlatforms) = postSolution
		{CC10547D-D67B-4D2F-A004-4CBBB37EF834}.Debug|Any CPU.ActiveCfg = Debug|Any CPU
		{CC10547D-D67B-4D2F-A004-4CBBB37EF834}.Debug|Any CPU.Build.0 = Debug|Any CPU
		{CC10547D-D67B-4D2F-A004-4CBBB37EF834}.Release|Any CPU.ActiveCfg = Release|Any CPU
		{CC10547D-D67B-4D2F-A004-4CBBB37EF834}.Release|Any CPU.Build.0 = Release|Any CPU
	EndGlobalSection
	GlobalSection(SolutionProperties) = preSolution
		HideSolutionNode = FALSE
	EndGlobalSection
	GlobalSection(ExtensibilityGlobals) = postSolution
		SolutionGuid = {6FCA2AB5-CA19-4759-9883-D3065957750B}
	EndGlobalSection
EndGlobal
